{
  "name": "@electronics/domain",
  "version": "0.3.0",
  "lockfileVersion": 3,
  "requires": true,
  "packages": {
    "": {
      "name": "@electronics/domain",
      "version": "0.3.0",
      "dependencies": {
        "@electronics/contracts": "file:../contracts"
      }
    },
    "../contracts": {
      "name": "@electronics/contracts",
      "version": "0.2.0"
    },
    "node_modules/@electronics/contracts": {
      "resolved": "../contracts",
      "link": true
    }
  }
}
